
Microsoft Visual Studio Solution File, Format Version 12.00
# Visual Studio Version 17
VisualStudioVersion = 17.4.33103.184
MinimumVisualStudioVersion = 10.0.40219.1
Project("{FAE04EC0-301F-11D3-BF4B-00C04F79EFBC}") = "DiplomaAPI", "DiplomaAPI\DiplomaAPI.csproj", "{419BF81A-858D-4F2C-A44A-79B0B0F0CDE6}"
EndProject
Global
	GlobalSection(SolutionConfigurationPlatforms) = preSolution
		Debug|Any CPU = Debug|Any CPU
		Release|Any CPU = Release|Any CPU
	EndGlobalSection
	GlobalSection(ProjectConfigurationPlatforms) = postSolution
		{419BF81A-858D-4F2C-A44A-79B0B0F0CDE6}.Debug|Any CPU.ActiveCfg = Debug|Any CPU
		{419BF81A-858D-4F2C-A44A-79B0B0F0CDE6}.Debug|Any CPU.Build.0 = Debug|Any CPU
		{419BF81A-858D-4F2C-A44A-79B0B0F0CDE6}.Release|Any CPU.ActiveCfg = Release|Any CPU
		{419BF81A-858D-4F2C-A44A-79B0B0F0CDE6}.Release|Any CPU.Build.0 = Release|Any CPU
	EndGlobalSection
	GlobalSection(SolutionProperties) = preSolution
		HideSolutionNode = FALSE
	EndGlobalSection
	GlobalSection(ExtensibilityGlobals) = postSolution
		SolutionGuid = {F70B9DAC-26D0-4C8A-95BD-B33C114CBD32}
	EndGlobalSection
EndGlobal
